
Microsoft Visual Studio Solution File, Format Version 12.00
# Visual Studio Version 16
VisualStudioVersion = 16.0.30611.23
MinimumVisualStudioVersion = 10.0.40219.1
Project("{FAE04EC0-301F-11D3-BF4B-00C04F79EFBC}") = "QuanLyKhachSan", "QuanLyKhachSan\QuanLyKhachSan.csproj", "{58DC3B48-56B5-4BD7-91E5-4071A98E3950}"
EndProject
Global
	GlobalSection(SolutionConfigurationPlatforms) = preSolution
		Debug|Any CPU = Debug|Any CPU
		Debug|x64 = Debug|x64
		Release|Any CPU = Release|Any CPU
		Release|x64 = Release|x64
	EndGlobalSection
	GlobalSection(ProjectConfigurationPlatforms) = postSolution
		{58DC3B48-56B5-4BD7-91E5-4071A98E3950}.Debug|Any CPU.ActiveCfg = Debug|Any CPU
		{58DC3B48-56B5-4BD7-91E5-4071A98E3950}.Debug|Any CPU.Build.0 = Debug|Any CPU
		{58DC3B48-56B5-4BD7-91E5-4071A98E3950}.Debug|x64.ActiveCfg = Debug|x64
		{58DC3B48-56B5-4BD7-91E5-4071A98E3950}.Debug|x64.Build.0 = Debug|x64
		{58DC3B48-56B5-4BD7-91E5-4071A98E3950}.Release|Any CPU.ActiveCfg = Release|Any CPU
		{58DC3B48-56B5-4BD7-91E5-4071A98E3950}.Release|Any CPU.Build.0 = Release|Any CPU
		{58DC3B48-56B5-4BD7-91E5-4071A98E3950}.Release|x64.ActiveCfg = Release|x64
		{58DC3B48-56B5-4BD7-91E5-4071A98E3950}.Release|x64.Build.0 = Release|x64
	EndGlobalSection
	GlobalSection(SolutionProperties) = preSolution
		HideSolutionNode = FALSE
	EndGlobalSection
	GlobalSection(ExtensibilityGlobals) = postSolution
		SolutionGuid = {814D4375-2E65-467E-8B75-C80436BB12BB}
	EndGlobalSection
EndGlobal
